
Microsoft Visual Studio Solution File, Format Version 12.00
# Visual Studio 2012
Project("{FAE04EC0-301F-11D3-BF4B-00C04F79EFBC}") = "TheButton", "TheButton\TheButton.csproj", "{44CF2D78-59D7-4185-BC1D-438873A2C161}"
EndProject
Global
	GlobalSection(SolutionConfigurationPlatforms) = preSolution
		Debug|Any CPU = Debug|Any CPU
		Release|Any CPU = Release|Any CPU
	EndGlobalSection
	GlobalSection(ProjectConfigurationPlatforms) = postSolution
		{44CF2D78-59D7-4185-BC1D-438873A2C161}.Debug|Any CPU.ActiveCfg = Debug|Any CPU
		{44CF2D78-59D7-4185-BC1D-438873A2C161}.Debug|Any CPU.Build.0 = Debug|Any CPU
		{44CF2D78-59D7-4185-BC1D-438873A2C161}.Release|Any CPU.ActiveCfg = Release|Any CPU
		{44CF2D78-59D7-4185-BC1D-438873A2C161}.Release|Any CPU.Build.0 = Release|Any CPU
	EndGlobalSection
	GlobalSection(SolutionProperties) = preSolution
		HideSolutionNode = FALSE
	EndGlobalSection
EndGlobal
